
Microsoft Visual Studio Solution File, Format Version 12.00
# Visual Studio 14
VisualStudioVersion = 14.0.25420.1
MinimumVisualStudioVersion = 10.0.40219.1
Project("{FAE04EC0-301F-11D3-BF4B-00C04F79EFBC}") = "MiPrimeraApp", "MiPrimeraApp\MiPrimeraApp\MiPrimeraApp.csproj", "{CE31D379-2923-421B-80FE-BA1E05870227}"
EndProject
Project("{FAE04EC0-301F-11D3-BF4B-00C04F79EFBC}") = "MiPrimeraApp.Droid", "MiPrimeraApp\MiPrimeraApp.Droid\MiPrimeraApp.Droid.csproj", "{528E898B-5D27-4C88-B552-1B72CE405D75}"
EndProject
Project("{FAE04EC0-301F-11D3-BF4B-00C04F79EFBC}") = "MiPrimeraApp.iOS", "MiPrimeraApp\MiPrimeraApp.iOS\MiPrimeraApp.iOS.csproj", "{666DFF73-409E-4D66-AB20-94745E2CF283}"
EndProject
Project("{FAE04EC0-301F-11D3-BF4B-00C04F79EFBC}") = "MiPrimeraApp.WinPhone", "MiPrimeraApp\MiPrimeraApp.WinPhone\MiPrimeraApp.WinPhone.csproj", "{531B6143-45BA-4B84-998D-83F8B3FBFEE2}"
EndProject
Project("{FAE04EC0-301F-11D3-BF4B-00C04F79EFBC}") = "MiPrimeraApp.Windows", "MiPrimeraApp\MiPrimeraApp.Windows\MiPrimeraApp.Windows.csproj", "{4EE9BDDC-2AB5-46B4-8804-A5B42ECE5044}"
EndProject
Global
	GlobalSection(SolutionConfigurationPlatforms) = preSolution
		Ad-Hoc|Any CPU = Ad-Hoc|Any CPU
		Ad-Hoc|ARM = Ad-Hoc|ARM
		Ad-Hoc|iPhone = Ad-Hoc|iPhone
		Ad-Hoc|iPhoneSimulator = Ad-Hoc|iPhoneSimulator
		Ad-Hoc|x64 = Ad-Hoc|x64
		Ad-Hoc|x86 = Ad-Hoc|x86
		AppStore|Any CPU = AppStore|Any CPU
		AppStore|ARM = AppStore|ARM
		AppStore|iPhone = AppStore|iPhone
		AppStore|iPhoneSimulator = AppStore|iPhoneSimulator
		AppStore|x64 = AppStore|x64
		AppStore|x86 = AppStore|x86
		Debug|Any CPU = Debug|Any CPU
		Debug|ARM = Debug|ARM
		Debug|iPhone = Debug|iPhone
		Debug|iPhoneSimulator = Debug|iPhoneSimulator
		Debug|x64 = Debug|x64
		Debug|x86 = Debug|x86
		Release|Any CPU = Release|Any CPU
		Release|ARM = Release|ARM
		Release|iPhone = Release|iPhone
		Release|iPhoneSimulator = Release|iPhoneSimulator
		Release|x64 = Release|x64
		Release|x86 = Release|x86
	EndGlobalSection
	GlobalSection(ProjectConfigurationPlatforms) = postSolution
		{CE31D379-2923-421B-80FE-BA1E05870227}.Ad-Hoc|Any CPU.ActiveCfg = Release|Any CPU
		{CE31D379-2923-421B-80FE-BA1E05870227}.Ad-Hoc|Any CPU.Build.0 = Release|Any CPU
		{CE31D379-2923-421B-80FE-BA1E05870227}.Ad-Hoc|ARM.ActiveCfg = Release|Any CPU
		{CE31D379-2923-421B-80FE-BA1E05870227}.Ad-Hoc|ARM.Build.0 = Release|Any CPU
		{CE31D379-2923-421B-80FE-BA1E05870227}.Ad-Hoc|iPhone.ActiveCfg = Release|Any CPU
		{CE31D379-2923-421B-80FE-BA1E05870227}.Ad-Hoc|iPhone.Build.0 = Release|Any CPU
		{CE31D379-2923-421B-80FE-BA1E05870227}.Ad-Hoc|iPhoneSimulator.ActiveCfg = Release|Any CPU
		{CE31D379-2923-421B-80FE-BA1E05870227}.Ad-Hoc|iPhoneSimulator.Build.0 = Release|Any CPU
		{CE31D379-2923-421B-80FE-BA1E05870227}.Ad-Hoc|x64.ActiveCfg = Release|Any CPU
		{CE31D379-2923-421B-80FE-BA1E05870227}.Ad-Hoc|x64.Build.0 = Release|Any CPU
		{CE31D379-2923-421B-80FE-BA1E05870227}.Ad-Hoc|x86.ActiveCfg = Release|Any CPU
		{CE31D379-2923-421B-80FE-BA1E05870227}.Ad-Hoc|x86.Build.0 = Release|Any CPU
		{CE31D379-2923-421B-80FE-BA1E05870227}.AppStore|Any CPU.ActiveCfg = Release|Any CPU
		{CE31D379-2923-421B-80FE-BA1E05870227}.AppStore|Any CPU.Build.0 = Release|Any CPU
		{CE31D379-2923-421B-80FE-BA1E05870227}.AppStore|ARM.ActiveCfg = Release|Any CPU
		{CE31D379-2923-421B-80FE-BA1E05870227}.AppStore|ARM.Build.0 = Release|Any CPU
		{CE31D379-2923-421B-80FE-BA1E05870227}.AppStore|iPhone.ActiveCfg = Release|Any CPU
		{CE31D379-2923-421B-80FE-BA1E05870227}.AppStore|iPhone.Build.0 = Release|Any CPU
		{CE31D379-2923-421B-80FE-BA1E05870227}.AppStore|iPhoneSimulator.ActiveCfg = Release|Any CPU
		{CE31D379-2923-421B-80FE-BA1E05870227}.AppStore|iPhoneSimulator.Build.0 = Release|Any CPU
		{CE31D379-2923-421B-80FE-BA1E05870227}.AppStore|x64.ActiveCfg = Release|Any CPU
		{CE31D379-2923-421B-80FE-BA1E05870227}.AppStore|x64.Build.0 = Release|Any CPU
		{CE31D379-2923-421B-80FE-BA1E05870227}.AppStore|x86.ActiveCfg = Release|Any CPU
		{CE31D379-2923-421B-80FE-BA1E05870227}.AppStore|x86.Build.0 = Release|Any CPU
		{CE31D379-2923-421B-80FE-BA1E05870227}.Debug|Any CPU.ActiveCfg = Debug|Any CPU
		{CE31D379-2923-421B-80FE-BA1E05870227}.Debug|Any CPU.Build.0 = Debug|Any CPU
		{CE31D379-2923-421B-80FE-BA1E05870227}.Debug|ARM.ActiveCfg = Debug|Any CPU
		{CE31D379-2923-421B-80FE-BA1E05870227}.Debug|ARM.Build.0 = Debug|Any CPU
		{CE31D379-2923-421B-80FE-BA1E05870227}.Debug|iPhone.ActiveCfg = Debug|Any CPU
		{CE31D379-2923-421B-80FE-BA1E05870227}.Debug|iPhone.Build.0 = Debug|Any CPU
		{CE31D379-2923-421B-80FE-BA1E05870227}.Debug|iPhoneSimulator.ActiveCfg = Debug|Any CPU
		{CE31D379-2923-421B-80FE-BA1E05870227}.Debug|iPhoneSimulator.Build.0 = Debug|Any CPU
		{CE31D379-2923-421B-80FE-BA1E05870227}.Debug|x64.ActiveCfg = Debug|Any CPU
		{CE31D379-2923-421B-80FE-BA1E05870227}.Debug|x64.Build.0 = Debug|Any CPU
		{CE31D379-2923-421B-80FE-BA1E05870227}.Debug|x86.ActiveCfg = Debug|Any CPU
		{CE31D379-2923-421B-80FE-BA1E05870227}.Debug|x86.Build.0 = Debug|Any CPU
		{CE31D379-2923-421B-80FE-BA1E05870227}.Release|Any CPU.ActiveCfg = Release|Any CPU
		{CE31D379-2923-421B-80FE-BA1E05870227}.Release|Any CPU.Build.0 = Release|Any CPU
		{CE31D379-2923-421B-80FE-BA1E05870227}.Release|ARM.ActiveCfg = Release|Any CPU
		{CE31D379-2923-421B-80FE-BA1E05870227}.Release|ARM.Build.0 = Release|Any CPU
		{CE31D379-2923-421B-80FE-BA1E05870227}.Release|iPhone.ActiveCfg = Release|Any CPU
		{CE31D379-2923-421B-80FE-BA1E05870227}.Release|iPhone.Build.0 = Release|Any CPU
		{CE31D379-2923-421B-80FE-BA1E05870227}.Release|iPhoneSimulator.ActiveCfg = Release|Any CPU
		{CE31D379-2923-421B-80FE-BA1E05870227}.Release|iPhoneSimulator.Build.0 = Release|Any CPU
		{CE31D379-2923-421B-80FE-BA1E05870227}.Release|x64.ActiveCfg = Release|Any CPU
		{CE31D379-2923-421B-80FE-BA1E05870227}.Release|x64.Build.0 = Release|Any CPU
		{CE31D379-2923-421B-80FE-BA1E05870227}.Release|x86.ActiveCfg = Release|Any CPU
		{CE31D379-2923-421B-80FE-BA1E05870227}.Release|x86.Build.0 = Release|Any CPU
		{528E898B-5D27-4C88-B552-1B72CE405D75}.Ad-Hoc|Any CPU.ActiveCfg = Release|Any CPU
		{528E898B-5D27-4C88-B552-1B72CE405D75}.Ad-Hoc|Any CPU.Build.0 = Release|Any CPU
		{528E898B-5D27-4C88-B552-1B72CE405D75}.Ad-Hoc|Any CPU.Deploy.0 = Release|Any CPU
		{528E898B-5D27-4C88-B552-1B72CE405D75}.Ad-Hoc|ARM.ActiveCfg = Release|Any CPU
		{528E898B-5D27-4C88-B552-1B72CE405D75}.Ad-Hoc|ARM.Build.0 = Release|Any CPU
		{528E898B-5D27-4C88-B552-1B72CE405D75}.Ad-Hoc|ARM.Deploy.0 = Release|Any CPU
		{528E898B-5D27-4C88-B552-1B72CE405D75}.Ad-Hoc|iPhone.ActiveCfg = Release|Any CPU
		{528E898B-5D27-4C88-B552-1B72CE405D75}.Ad-Hoc|iPhone.Build.0 = Release|Any CPU
		{528E898B-5D27-4C88-B552-1B72CE405D75}.Ad-Hoc|iPhone.Deploy.0 = Release|Any CPU
		{528E898B-5D27-4C88-B552-1B72CE405D75}.Ad-Hoc|iPhoneSimulator.ActiveCfg = Release|Any CPU
		{528E898B-5D27-4C88-B552-1B72CE405D75}.Ad-Hoc|iPhoneSimulator.Build.0 = Release|Any CPU
		{528E898B-5D27-4C88-B552-1B72CE405D75}.Ad-Hoc|iPhoneSimulator.Deploy.0 = Release|Any CPU
		{528E898B-5D27-4C88-B552-1B72CE405D75}.Ad-Hoc|x64.ActiveCfg = Release|Any CPU
		{528E898B-5D27-4C88-B552-1B72CE405D75}.Ad-Hoc|x64.Build.0 = Release|Any CPU
		{528E898B-5D27-4C88-B552-1B72CE405D75}.Ad-Hoc|x64.Deploy.0 = Release|Any CPU
		{528E898B-5D27-4C88-B552-1B72CE405D75}.Ad-Hoc|x86.ActiveCfg = Release|Any CPU
		{528E898B-5D27-4C88-B552-1B72CE405D75}.Ad-Hoc|x86.Build.0 = Release|Any CPU
		{528E898B-5D27-4C88-B552-1B72CE405D75}.Ad-Hoc|x86.Deploy.0 = Release|Any CPU
		{528E898B-5D27-4C88-B552-1B72CE405D75}.AppStore|Any CPU.ActiveCfg = Release|Any CPU
		{528E898B-5D27-4C88-B552-1B72CE405D75}.AppStore|Any CPU.Build.0 = Release|Any CPU
		{528E898B-5D27-4C88-B552-1B72CE405D75}.AppStore|Any CPU.Deploy.0 = Release|Any CPU
		{528E898B-5D27-4C88-B552-1B72CE405D75}.AppStore|ARM.ActiveCfg = Release|Any CPU
		{528E898B-5D27-4C88-B552-1B72CE405D75}.AppStore|ARM.Build.0 = Release|Any CPU
		{528E898B-5D27-4C88-B552-1B72CE405D75}.AppStore|ARM.Deploy.0 = Release|Any CPU
		{528E898B-5D27-4C88-B552-1B72CE405D75}.AppStore|iPhone.ActiveCfg = Release|Any CPU
		{528E898B-5D27-4C88-B552-1B72CE405D75}.AppStore|iPhone.Build.0 = Release|Any CPU
		{528E898B-5D27-4C88-B552-1B72CE405D75}.AppStore|iPhone.Deploy.0 = Release|Any CPU
		{528E898B-5D27-4C88-B552-1B72CE405D75}.AppStore|iPhoneSimulator.ActiveCfg = Release|Any CPU
		{528E898B-5D27-4C88-B552-1B72CE405D75}.AppStore|iPhoneSimulator.Build.0 = Release|Any CPU
		{528E898B-5D27-4C88-B552-1B72CE405D75}.AppStore|iPhoneSimulator.Deploy.0 = Release|Any CPU
		{528E898B-5D27-4C88-B552-1B72CE405D75}.AppStore|x64.ActiveCfg = Release|Any CPU
		{528E898B-5D27-4C88-B552-1B72CE405D75}.AppStore|x64.Build.0 = Release|Any CPU
		{528E898B-5D27-4C88-B552-1B72CE405D75}.AppStore|x64.Deploy.0 = Release|Any CPU
		{528E898B-5D27-4C88-B552-1B72CE405D75}.AppStore|x86.ActiveCfg = Release|Any CPU
		{528E898B-5D27-4C88-B552-1B72CE405D75}.AppStore|x86.Build.0 = Release|Any CPU
		{528E898B-5D27-4C88-B552-1B72CE405D75}.AppStore|x86.Deploy.0 = Release|Any CPU
		{528E898B-5D27-4C88-B552-1B72CE405D75}.Debug|Any CPU.ActiveCfg = Debug|Any CPU
		{528E898B-5D27-4C88-B552-1B72CE405D75}.Debug|Any CPU.Build.0 = Debug|Any CPU
		{528E898B-5D27-4C88-B552-1B72CE405D75}.Debug|Any CPU.Deploy.0 = Debug|Any CPU
		{528E898B-5D27-4C88-B552-1B72CE405D75}.Debug|ARM.ActiveCfg = Debug|Any CPU
		{528E898B-5D27-4C88-B552-1B72CE405D75}.Debug|ARM.Build.0 = Debug|Any CPU
		{528E898B-5D27-4C88-B552-1B72CE405D75}.Debug|ARM.Deploy.0 = Debug|Any CPU
		{528E898B-5D27-4C88-B552-1B72CE405D75}.Debug|iPhone.ActiveCfg = Debug|Any CPU
		{528E898B-5D27-4C88-B552-1B72CE405D75}.Debug|iPhone.Build.0 = Debug|Any CPU
		{528E898B-5D27-4C88-B552-1B72CE405D75}.Debug|iPhone.Deploy.0 = Debug|Any CPU
		{528E898B-5D27-4C88-B552-1B72CE405D75}.Debug|iPhoneSimulator.ActiveCfg = Debug|Any CPU
		{528E898B-5D27-4C88-B552-1B72CE405D75}.Debug|iPhoneSimulator.Build.0 = Debug|Any CPU
		{528E898B-5D27-4C88-B552-1B72CE405D75}.Debug|iPhoneSimulator.Deploy.0 = Debug|Any CPU
		{528E898B-5D27-4C88-B552-1B72CE405D75}.Debug|x64.ActiveCfg = Debug|Any CPU
		{528E898B-5D27-4C88-B552-1B72CE405D75}.Debug|x64.Build.0 = Debug|Any CPU
		{528E898B-5D27-4C88-B552-1B72CE405D75}.Debug|x64.Deploy.0 = Debug|Any CPU
		{528E898B-5D27-4C88-B552-1B72CE405D75}.Debug|x86.ActiveCfg = Debug|Any CPU
		{528E898B-5D27-4C88-B552-1B72CE405D75}.Debug|x86.Build.0 = Debug|Any CPU
		{528E898B-5D27-4C88-B552-1B72CE405D75}.Debug|x86.Deploy.0 = Debug|Any CPU
		{528E898B-5D27-4C88-B552-1B72CE405D75}.Release|Any CPU.ActiveCfg = Release|Any CPU
		{528E898B-5D27-4C88-B552-1B72CE405D75}.Release|Any CPU.Build.0 = Release|Any CPU
		{528E898B-5D27-4C88-B552-1B72CE405D75}.Release|Any CPU.Deploy.0 = Release|Any CPU
		{528E898B-5D27-4C88-B552-1B72CE405D75}.Release|ARM.ActiveCfg = Release|Any CPU
		{528E898B-5D27-4C88-B552-1B72CE405D75}.Release|ARM.Build.0 = Release|Any CPU
		{528E898B-5D27-4C88-B552-1B72CE405D75}.Release|ARM.Deploy.0 = Release|Any CPU
		{528E898B-5D27-4C88-B552-1B72CE405D75}.Release|iPhone.ActiveCfg = Release|Any CPU
		{528E898B-5D27-4C88-B552-1B72CE405D75}.Release|iPhone.Build.0 = Release|Any CPU
		{528E898B-5D27-4C88-B552-1B72CE405D75}.Release|iPhone.Deploy.0 = Release|Any CPU
		{528E898B-5D27-4C88-B552-1B72CE405D75}.Release|iPhoneSimulator.ActiveCfg = Release|Any CPU
		{528E898B-5D27-4C88-B552-1B72CE405D75}.Release|iPhoneSimulator.Build.0 = Release|Any CPU
		{528E898B-5D27-4C88-B552-1B72CE405D75}.Release|iPhoneSimulator.Deploy.0 = Release|Any CPU
		{528E898B-5D27-4C88-B552-1B72CE405D75}.Release|x64.ActiveCfg = Release|Any CPU
		{528E898B-5D27-4C88-B552-1B72CE405D75}.Release|x64.Build.0 = Release|Any CPU
		{528E898B-5D27-4C88-B552-1B72CE405D75}.Release|x64.Deploy.0 = Release|Any CPU
		{528E898B-5D27-4C88-B552-1B72CE405D75}.Release|x86.ActiveCfg = Release|Any CPU
		{528E898B-5D27-4C88-B552-1B72CE405D75}.Release|x86.Build.0 = Release|Any CPU
		{528E898B-5D27-4C88-B552-1B72CE405D75}.Release|x86.Deploy.0 = Release|Any CPU
		{666DFF73-409E-4D66-AB20-94745E2CF283}.Ad-Hoc|Any CPU.ActiveCfg = Ad-Hoc|iPhone
		{666DFF73-409E-4D66-AB20-94745E2CF283}.Ad-Hoc|ARM.ActiveCfg = Ad-Hoc|iPhone
		{666DFF73-409E-4D66-AB20-94745E2CF283}.Ad-Hoc|iPhone.ActiveCfg = Ad-Hoc|iPhone
		{666DFF73-409E-4D66-AB20-94745E2CF283}.Ad-Hoc|iPhone.Build.0 = Ad-Hoc|iPhone
		{666DFF73-409E-4D66-AB20-94745E2CF283}.Ad-Hoc|iPhoneSimulator.ActiveCfg = Ad-Hoc|iPhoneSimulator
		{666DFF73-409E-4D66-AB20-94745E2CF283}.Ad-Hoc|iPhoneSimulator.Build.0 = Ad-Hoc|iPhoneSimulator
		{666DFF73-409E-4D66-AB20-94745E2CF283}.Ad-Hoc|x64.ActiveCfg = Ad-Hoc|iPhone
		{666DFF73-409E-4D66-AB20-94745E2CF283}.Ad-Hoc|x86.ActiveCfg = Ad-Hoc|iPhone
		{666DFF73-409E-4D66-AB20-94745E2CF283}.AppStore|Any CPU.ActiveCfg = AppStore|iPhone
		{666DFF73-409E-4D66-AB20-94745E2CF283}.AppStore|ARM.ActiveCfg = AppStore|iPhone
		{666DFF73-409E-4D66-AB20-94745E2CF283}.AppStore|iPhone.ActiveCfg = AppStore|iPhone
		{666DFF73-409E-4D66-AB20-94745E2CF283}.AppStore|iPhone.Build.0 = AppStore|iPhone
		{666DFF73-409E-4D66-AB20-94745E2CF283}.AppStore|iPhoneSimulator.ActiveCfg = AppStore|iPhoneSimulator
		{666DFF73-409E-4D66-AB20-94745E2CF283}.AppStore|iPhoneSimulator.Build.0 = AppStore|iPhoneSimulator
		{666DFF73-409E-4D66-AB20-94745E2CF283}.AppStore|x64.ActiveCfg = AppStore|iPhone
		{666DFF73-409E-4D66-AB20-94745E2CF283}.AppStore|x86.ActiveCfg = AppStore|iPhone
		{666DFF73-409E-4D66-AB20-94745E2CF283}.Debug|Any CPU.ActiveCfg = Debug|iPhone
		{666DFF73-409E-4D66-AB20-94745E2CF283}.Debug|ARM.ActiveCfg = Debug|iPhone
		{666DFF73-409E-4D66-AB20-94745E2CF283}.Debug|iPhone.ActiveCfg = Debug|iPhone
		{666DFF73-409E-4D66-AB20-94745E2CF283}.Debug|iPhone.Build.0 = Debug|iPhone
		{666DFF73-409E-4D66-AB20-94745E2CF283}.Debug|iPhoneSimulator.ActiveCfg = Debug|iPhoneSimulator
		{666DFF73-409E-4D66-AB20-94745E2CF283}.Debug|iPhoneSimulator.Build.0 = Debug|iPhoneSimulator
		{666DFF73-409E-4D66-AB20-94745E2CF283}.Debug|x64.ActiveCfg = Debug|iPhone
		{666DFF73-409E-4D66-AB20-94745E2CF283}.Debug|x86.ActiveCfg = Debug|iPhone
		{666DFF73-409E-4D66-AB20-94745E2CF283}.Release|Any CPU.ActiveCfg = Release|iPhone
		{666DFF73-409E-4D66-AB20-94745E2CF283}.Release|ARM.ActiveCfg = Release|iPhone
		{666DFF73-409E-4D66-AB20-94745E2CF283}.Release|iPhone.ActiveCfg = Release|iPhone
		{666DFF73-409E-4D66-AB20-94745E2CF283}.Release|iPhone.Build.0 = Release|iPhone
		{666DFF73-409E-4D66-AB20-94745E2CF283}.Release|iPhoneSimulator.ActiveCfg = Release|iPhoneSimulator
		{666DFF73-409E-4D66-AB20-94745E2CF283}.Release|iPhoneSimulator.Build.0 = Release|iPhoneSimulator
		{666DFF73-409E-4D66-AB20-94745E2CF283}.Release|x64.ActiveCfg = Release|iPhone
		{666DFF73-409E-4D66-AB20-94745E2CF283}.Release|x86.ActiveCfg = Release|iPhone
		{531B6143-45BA-4B84-998D-83F8B3FBFEE2}.Ad-Hoc|Any CPU.ActiveCfg = Release|Any CPU
		{531B6143-45BA-4B84-998D-83F8B3FBFEE2}.Ad-Hoc|Any CPU.Build.0 = Release|Any CPU
		{531B6143-45BA-4B84-998D-83F8B3FBFEE2}.Ad-Hoc|Any CPU.Deploy.0 = Release|Any CPU
		{531B6143-45BA-4B84-998D-83F8B3FBFEE2}.Ad-Hoc|ARM.ActiveCfg = Release|ARM
		{531B6143-45BA-4B84-998D-83F8B3FBFEE2}.Ad-Hoc|ARM.Build.0 = Release|ARM
		{531B6143-45BA-4B84-998D-83F8B3FBFEE2}.Ad-Hoc|ARM.Deploy.0 = Release|ARM
		{531B6143-45BA-4B84-998D-83F8B3FBFEE2}.Ad-Hoc|iPhone.ActiveCfg = Release|Any CPU
		{531B6143-45BA-4B84-998D-83F8B3FBFEE2}.Ad-Hoc|iPhone.Build.0 = Release|Any CPU
		{531B6143-45BA-4B84-998D-83F8B3FBFEE2}.Ad-Hoc|iPhone.Deploy.0 = Release|Any CPU
		{531B6143-45BA-4B84-998D-83F8B3FBFEE2}.Ad-Hoc|iPhoneSimulator.ActiveCfg = Release|Any CPU
		{531B6143-45BA-4B84-998D-83F8B3FBFEE2}.Ad-Hoc|iPhoneSimulator.Build.0 = Release|Any CPU
		{531B6143-45BA-4B84-998D-83F8B3FBFEE2}.Ad-Hoc|iPhoneSimulator.Deploy.0 = Release|Any CPU
		{531B6143-45BA-4B84-998D-83F8B3FBFEE2}.Ad-Hoc|x64.ActiveCfg = Release|Any CPU
		{531B6143-45BA-4B84-998D-83F8B3FBFEE2}.Ad-Hoc|x64.Build.0 = Release|Any CPU
		{531B6143-45BA-4B84-998D-83F8B3FBFEE2}.Ad-Hoc|x64.Deploy.0 = Release|Any CPU
		{531B6143-45BA-4B84-998D-83F8B3FBFEE2}.Ad-Hoc|x86.ActiveCfg = Release|x86
		{531B6143-45BA-4B84-998D-83F8B3FBFEE2}.Ad-Hoc|x86.Build.0 = Release|x86
		{531B6143-45BA-4B84-998D-83F8B3FBFEE2}.Ad-Hoc|x86.Deploy.0 = Release|x86
		{531B6143-45BA-4B84-998D-83F8B3FBFEE2}.AppStore|Any CPU.ActiveCfg = Release|Any CPU
		{531B6143-45BA-4B84-998D-83F8B3FBFEE2}.AppStore|Any CPU.Build.0 = Release|Any CPU
		{531B6143-45BA-4B84-998D-83F8B3FBFEE2}.AppStore|Any CPU.Deploy.0 = Release|Any CPU
		{531B6143-45BA-4B84-998D-83F8B3FBFEE2}.AppStore|ARM.ActiveCfg = Release|ARM
		{531B6143-45BA-4B84-998D-83F8B3FBFEE2}.AppStore|ARM.Build.0 = Release|ARM
		{531B6143-45BA-4B84-998D-83F8B3FBFEE2}.AppStore|ARM.Deploy.0 = Release|ARM
		{531B6143-45BA-4B84-998D-83F8B3FBFEE2}.AppStore|iPhone.ActiveCfg = Release|Any CPU
		{531B6143-45BA-4B84-998D-83F8B3FBFEE2}.AppStore|iPhone.Build.0 = Release|Any CPU
		{531B6143-45BA-4B84-998D-83F8B3FBFEE2}.AppStore|iPhone.Deploy.0 = Release|Any CPU
		{531B6143-45BA-4B84-998D-83F8B3FBFEE2}.AppStore|iPhoneSimulator.ActiveCfg = Release|Any CPU
		{531B6143-45BA-4B84-998D-83F8B3FBFEE2}.AppStore|iPhoneSimulator.Build.0 = Release|Any CPU
		{531B6143-45BA-4B84-998D-83F8B3FBFEE2}.AppStore|iPhoneSimulator.Deploy.0 = Release|Any CPU
		{531B6143-45BA-4B84-998D-83F8B3FBFEE2}.AppStore|x64.ActiveCfg = Release|Any CPU
		{531B6143-45BA-4B84-998D-83F8B3FBFEE2}.AppStore|x64.Build.0 = Release|Any CPU
		{531B6143-45BA-4B84-998D-83F8B3FBFEE2}.AppStore|x64.Deploy.0 = Release|Any CPU
		{531B6143-45BA-4B84-998D-83F8B3FBFEE2}.AppStore|x86.ActiveCfg = Release|x86
		{531B6143-45BA-4B84-998D-83F8B3FBFEE2}.AppStore|x86.Build.0 = Release|x86
		{531B6143-45BA-4B84-998D-83F8B3FBFEE2}.AppStore|x86.Deploy.0 = Release|x86
		{531B6143-45BA-4B84-998D-83F8B3FBFEE2}.Debug|Any CPU.ActiveCfg = Debug|Any CPU
		{531B6143-45BA-4B84-998D-83F8B3FBFEE2}.Debug|Any CPU.Build.0 = Debug|Any CPU
		{531B6143-45BA-4B84-998D-83F8B3FBFEE2}.Debug|Any CPU.Deploy.0 = Debug|Any CPU
		{531B6143-45BA-4B84-998D-83F8B3FBFEE2}.Debug|ARM.ActiveCfg = Debug|ARM
		{531B6143-45BA-4B84-998D-83F8B3FBFEE2}.Debug|ARM.Build.0 = Debug|ARM
		{531B6143-45BA-4B84-998D-83F8B3FBFEE2}.Debug|ARM.Deploy.0 = Debug|ARM
		{531B6143-45BA-4B84-998D-83F8B3FBFEE2}.Debug|iPhone.ActiveCfg = Debug|Any CPU
		{531B6143-45BA-4B84-998D-83F8B3FBFEE2}.Debug|iPhone.Build.0 = Debug|Any CPU
		{531B6143-45BA-4B84-998D-83F8B3FBFEE2}.Debug|iPhone.Deploy.0 = Debug|Any CPU
		{531B6143-45BA-4B84-998D-83F8B3FBFEE2}.Debug|iPhoneSimulator.ActiveCfg = Debug|Any CPU
		{531B6143-45BA-4B84-998D-83F8B3FBFEE2}.Debug|iPhoneSimulator.Build.0 = Debug|Any CPU
		{531B6143-45BA-4B84-998D-83F8B3FBFEE2}.Debug|iPhoneSimulator.Deploy.0 = Debug|Any CPU
		{531B6143-45BA-4B84-998D-83F8B3FBFEE2}.Debug|x64.ActiveCfg = Debug|Any CPU
		{531B6143-45BA-4B84-998D-83F8B3FBFEE2}.Debug|x64.Build.0 = Debug|Any CPU
		{531B6143-45BA-4B84-998D-83F8B3FBFEE2}.Debug|x64.Deploy.0 = Debug|Any CPU
		{531B6143-45BA-4B84-998D-83F8B3FBFEE2}.Debug|x86.ActiveCfg = Debug|x86
		{531B6143-45BA-4B84-998D-83F8B3FBFEE2}.Debug|x86.Build.0 = Debug|x86
		{531B6143-45BA-4B84-998D-83F8B3FBFEE2}.Debug|x86.Deploy.0 = Debug|x86
		{531B6143-45BA-4B84-998D-83F8B3FBFEE2}.Release|Any CPU.ActiveCfg = Release|Any CPU
		{531B6143-45BA-4B84-998D-83F8B3FBFEE2}.Release|Any CPU.Build.0 = Release|Any CPU
		{531B6143-45BA-4B84-998D-83F8B3FBFEE2}.Release|Any CPU.Deploy.0 = Release|Any CPU
		{531B6143-45BA-4B84-998D-83F8B3FBFEE2}.Release|ARM.ActiveCfg = Release|ARM
		{531B6143-45BA-4B84-998D-83F8B3FBFEE2}.Release|ARM.Build.0 = Release|ARM
		{531B6143-45BA-4B84-998D-83F8B3FBFEE2}.Release|ARM.Deploy.0 = Release|ARM
		{531B6143-45BA-4B84-998D-83F8B3FBFEE2}.Release|iPhone.ActiveCfg = Release|Any CPU
		{531B6143-45BA-4B84-998D-83F8B3FBFEE2}.Release|iPhone.Build.0 = Release|Any CPU
		{531B6143-45BA-4B84-998D-83F8B3FBFEE2}.Release|iPhone.Deploy.0 = Release|Any CPU
		{531B6143-45BA-4B84-998D-83F8B3FBFEE2}.Release|iPhoneSimulator.ActiveCfg = Release|Any CPU
		{531B6143-45BA-4B84-998D-83F8B3FBFEE2}.Release|iPhoneSimulator.Build.0 = Release|Any CPU
		{531B6143-45BA-4B84-998D-83F8B3FBFEE2}.Release|iPhoneSimulator.Deploy.0 = Release|Any CPU
		{531B6143-45BA-4B84-998D-83F8B3FBFEE2}.Release|x64.ActiveCfg = Release|Any CPU
		{531B6143-45BA-4B84-998D-83F8B3FBFEE2}.Release|x64.Build.0 = Release|Any CPU
		{531B6143-45BA-4B84-998D-83F8B3FBFEE2}.Release|x64.Deploy.0 = Release|Any CPU
		{531B6143-45BA-4B84-998D-83F8B3FBFEE2}.Release|x86.ActiveCfg = Release|x86
		{531B6143-45BA-4B84-998D-83F8B3FBFEE2}.Release|x86.Build.0 = Release|x86
		{531B6143-45BA-4B84-998D-83F8B3FBFEE2}.Release|x86.Deploy.0 = Release|x86
		{4EE9BDDC-2AB5-46B4-8804-A5B42ECE5044}.Ad-Hoc|Any CPU.ActiveCfg = Release|Any CPU
		{4EE9BDDC-2AB5-46B4-8804-A5B42ECE5044}.Ad-Hoc|Any CPU.Build.0 = Release|Any CPU
		{4EE9BDDC-2AB5-46B4-8804-A5B42ECE5044}.Ad-Hoc|Any CPU.Deploy.0 = Release|Any CPU
		{4EE9BDDC-2AB5-46B4-8804-A5B42ECE5044}.Ad-Hoc|ARM.ActiveCfg = Release|ARM
		{4EE9BDDC-2AB5-46B4-8804-A5B42ECE5044}.Ad-Hoc|ARM.Build.0 = Release|ARM
		{4EE9BDDC-2AB5-46B4-8804-A5B42ECE5044}.Ad-Hoc|ARM.Deploy.0 = Release|ARM
		{4EE9BDDC-2AB5-46B4-8804-A5B42ECE5044}.Ad-Hoc|iPhone.ActiveCfg = Release|Any CPU
		{4EE9BDDC-2AB5-46B4-8804-A5B42ECE5044}.Ad-Hoc|iPhone.Build.0 = Release|Any CPU
		{4EE9BDDC-2AB5-46B4-8804-A5B42ECE5044}.Ad-Hoc|iPhone.Deploy.0 = Release|Any CPU
		{4EE9BDDC-2AB5-46B4-8804-A5B42ECE5044}.Ad-Hoc|iPhoneSimulator.ActiveCfg = Release|Any CPU
		{4EE9BDDC-2AB5-46B4-8804-A5B42ECE5044}.Ad-Hoc|iPhoneSimulator.Build.0 = Release|Any CPU
		{4EE9BDDC-2AB5-46B4-8804-A5B42ECE5044}.Ad-Hoc|iPhoneSimulator.Deploy.0 = Release|Any CPU
		{4EE9BDDC-2AB5-46B4-8804-A5B42ECE5044}.Ad-Hoc|x64.ActiveCfg = Release|x64
		{4EE9BDDC-2AB5-46B4-8804-A5B42ECE5044}.Ad-Hoc|x64.Build.0 = Release|x64
		{4EE9BDDC-2AB5-46B4-8804-A5B42ECE5044}.Ad-Hoc|x64.Deploy.0 = Release|x64
		{4EE9BDDC-2AB5-46B4-8804-A5B42ECE5044}.Ad-Hoc|x86.ActiveCfg = Release|x86
		{4EE9BDDC-2AB5-46B4-8804-A5B42ECE5044}.Ad-Hoc|x86.Build.0 = Release|x86
		{4EE9BDDC-2AB5-46B4-8804-A5B42ECE5044}.Ad-Hoc|x86.Deploy.0 = Release|x86
		{4EE9BDDC-2AB5-46B4-8804-A5B42ECE5044}.AppStore|Any CPU.ActiveCfg = Release|Any CPU
		{4EE9BDDC-2AB5-46B4-8804-A5B42ECE5044}.AppStore|Any CPU.Build.0 = Release|Any CPU
		{4EE9BDDC-2AB5-46B4-8804-A5B42ECE5044}.AppStore|Any CPU.Deploy.0 = Release|Any CPU
		{4EE9BDDC-2AB5-46B4-8804-A5B42ECE5044}.AppStore|ARM.ActiveCfg = Release|ARM
		{4EE9BDDC-2AB5-46B4-8804-A5B42ECE5044}.AppStore|ARM.Build.0 = Release|ARM
		{4EE9BDDC-2AB5-46B4-8804-A5B42ECE5044}.AppStore|ARM.Deploy.0 = Release|ARM
		{4EE9BDDC-2AB5-46B4-8804-A5B42ECE5044}.AppStore|iPhone.ActiveCfg = Release|Any CPU
		{4EE9BDDC-2AB5-46B4-8804-A5B42ECE5044}.AppStore|iPhone.Build.0 = Release|Any CPU
		{4EE9BDDC-2AB5-46B4-8804-A5B42ECE5044}.AppStore|iPhone.Deploy.0 = Release|Any CPU
		{4EE9BDDC-2AB5-46B4-8804-A5B42ECE5044}.AppStore|iPhoneSimulator.ActiveCfg = Release|Any CPU
		{4EE9BDDC-2AB5-46B4-8804-A5B42ECE5044}.AppStore|iPhoneSimulator.Build.0 = Release|Any CPU
		{4EE9BDDC-2AB5-46B4-8804-A5B42ECE5044}.AppStore|iPhoneSimulator.Deploy.0 = Release|Any CPU
		{4EE9BDDC-2AB5-46B4-8804-A5B42ECE5044}.AppStore|x64.ActiveCfg = Release|x64
		{4EE9BDDC-2AB5-46B4-8804-A5B42ECE5044}.AppStore|x64.Build.0 = Release|x64
		{4EE9BDDC-2AB5-46B4-8804-A5B42ECE5044}.AppStore|x64.Deploy.0 = Release|x64
		{4EE9BDDC-2AB5-46B4-8804-A5B42ECE5044}.AppStore|x86.ActiveCfg = Release|x86
		{4EE9BDDC-2AB5-46B4-8804-A5B42ECE5044}.AppStore|x86.Build.0 = Release|x86
		{4EE9BDDC-2AB5-46B4-8804-A5B42ECE5044}.AppStore|x86.Deploy.0 = Release|x86
		{4EE9BDDC-2AB5-46B4-8804-A5B42ECE5044}.Debug|Any CPU.ActiveCfg = Debug|Any CPU
		{4EE9BDDC-2AB5-46B4-8804-A5B42ECE5044}.Debug|Any CPU.Build.0 = Debug|Any CPU
		{4EE9BDDC-2AB5-46B4-8804-A5B42ECE5044}.Debug|Any CPU.Deploy.0 = Debug|Any CPU
		{4EE9BDDC-2AB5-46B4-8804-A5B42ECE5044}.Debug|ARM.ActiveCfg = Debug|ARM
		{4EE9BDDC-2AB5-46B4-8804-A5B42ECE5044}.Debug|ARM.Build.0 = Debug|ARM
		{4EE9BDDC-2AB5-46B4-8804-A5B42ECE5044}.Debug|ARM.Deploy.0 = Debug|ARM
		{4EE9BDDC-2AB5-46B4-8804-A5B42ECE5044}.Debug|iPhone.ActiveCfg = Debug|Any CPU
		{4EE9BDDC-2AB5-46B4-8804-A5B42ECE5044}.Debug|iPhone.Build.0 = Debug|Any CPU
		{4EE9BDDC-2AB5-46B4-8804-A5B42ECE5044}.Debug|iPhone.Deploy.0 = Debug|Any CPU
		{4EE9BDDC-2AB5-46B4-8804-A5B42ECE5044}.Debug|iPhoneSimulator.ActiveCfg = Debug|Any CPU
		{4EE9BDDC-2AB5-46B4-8804-A5B42ECE5044}.Debug|iPhoneSimulator.Build.0 = Debug|Any CPU
		{4EE9BDDC-2AB5-46B4-8804-A5B42ECE5044}.Debug|iPhoneSimulator.Deploy.0 = Debug|Any CPU
		{4EE9BDDC-2AB5-46B4-8804-A5B42ECE5044}.Debug|x64.ActiveCfg = Debug|x64
		{4EE9BDDC-2AB5-46B4-8804-A5B42ECE5044}.Debug|x64.Build.0 = Debug|x64
		{4EE9BDDC-2AB5-46B4-8804-A5B42ECE5044}.Debug|x64.Deploy.0 = Debug|x64
		{4EE9BDDC-2AB5-46B4-8804-A5B42ECE5044}.Debug|x86.ActiveCfg = Debug|x86
		{4EE9BDDC-2AB5-46B4-8804-A5B42ECE5044}.Debug|x86.Build.0 = Debug|x86
		{4EE9BDDC-2AB5-46B4-8804-A5B42ECE5044}.Debug|x86.Deploy.0 = Debug|x86
		{4EE9BDDC-2AB5-46B4-8804-A5B42ECE5044}.Release|Any CPU.ActiveCfg = Release|Any CPU
		{4EE9BDDC-2AB5-46B4-8804-A5B42ECE5044}.Release|Any CPU.Build.0 = Release|Any CPU
		{4EE9BDDC-2AB5-46B4-8804-A5B42ECE5044}.Release|Any CPU.Deploy.0 = Release|Any CPU
		{4EE9BDDC-2AB5-46B4-8804-A5B42ECE5044}.Release|ARM.ActiveCfg = Release|ARM
		{4EE9BDDC-2AB5-46B4-8804-A5B42ECE5044}.Release|ARM.Build.0 = Release|ARM
		{4EE9BDDC-2AB5-46B4-8804-A5B42ECE5044}.Release|ARM.Deploy.0 = Release|ARM
		{4EE9BDDC-2AB5-46B4-8804-A5B42ECE5044}.Release|iPhone.ActiveCfg = Release|Any CPU
		{4EE9BDDC-2AB5-46B4-8804-A5B42ECE5044}.Release|iPhone.Build.0 = Release|Any CPU
		{4EE9BDDC-2AB5-46B4-8804-A5B42ECE5044}.Release|iPhone.Deploy.0 = Release|Any CPU
		{4EE9BDDC-2AB5-46B4-8804-A5B42ECE5044}.Release|iPhoneSimulator.ActiveCfg = Release|Any CPU
		{4EE9BDDC-2AB5-46B4-8804-A5B42ECE5044}.Release|iPhoneSimulator.Build.0 = Release|Any CPU
		{4EE9BDDC-2AB5-46B4-8804-A5B42ECE5044}.Release|iPhoneSimulator.Deploy.0 = Release|Any CPU
		{4EE9BDDC-2AB5-46B4-8804-A5B42ECE5044}.Release|x64.ActiveCfg = Release|x64
		{4EE9BDDC-2AB5-46B4-8804-A5B42ECE5044}.Release|x64.Build.0 = Release|x64
		{4EE9BDDC-2AB5-46B4-8804-A5B42ECE5044}.Release|x64.Deploy.0 = Release|x64
		{4EE9BDDC-2AB5-46B4-8804-A5B42ECE5044}.Release|x86.ActiveCfg = Release|x86
		{4EE9BDDC-2AB5-46B4-8804-A5B42ECE5044}.Release|x86.Build.0 = Release|x86
		{4EE9BDDC-2AB5-46B4-8804-A5B42ECE5044}.Release|x86.Deploy.0 = Release|x86
	EndGlobalSection
	GlobalSection(SolutionProperties) = preSolution
		HideSolutionNode = FALSE
	EndGlobalSection
EndGlobal
